
Microsoft Visual Studio Solution File, Format Version 12.00
# Visual Studio 15
VisualStudioVersion = 15.0.28307.421
MinimumVisualStudioVersion = 10.0.40219.1
Project("{FAE04EC0-301F-11D3-BF4B-00C04F79EFBC}") = "Maroon", "Maroon\Maroon.csproj", "{495A4E7D-4377-471C-AAED-D9F5D448A659}"
EndProject
Project("{FAE04EC0-301F-11D3-BF4B-00C04F79EFBC}") = "UnitTests", "UnitTests\UnitTests.csproj", "{16B00FF8-3735-4C1C-9377-0F6AA9EF9D1B}"
EndProject
Global
	GlobalSection(SolutionConfigurationPlatforms) = preSolution
		Debug|Any CPU = Debug|Any CPU
		Release|Any CPU = Release|Any CPU
	EndGlobalSection
	GlobalSection(ProjectConfigurationPlatforms) = postSolution
		{495A4E7D-4377-471C-AAED-D9F5D448A659}.Debug|Any CPU.ActiveCfg = Debug|Any CPU
		{495A4E7D-4377-471C-AAED-D9F5D448A659}.Debug|Any CPU.Build.0 = Debug|Any CPU
		{495A4E7D-4377-471C-AAED-D9F5D448A659}.Release|Any CPU.ActiveCfg = Release|Any CPU
		{495A4E7D-4377-471C-AAED-D9F5D448A659}.Release|Any CPU.Build.0 = Release|Any CPU
		{16B00FF8-3735-4C1C-9377-0F6AA9EF9D1B}.Debug|Any CPU.ActiveCfg = Debug|Any CPU
		{16B00FF8-3735-4C1C-9377-0F6AA9EF9D1B}.Debug|Any CPU.Build.0 = Debug|Any CPU
		{16B00FF8-3735-4C1C-9377-0F6AA9EF9D1B}.Release|Any CPU.ActiveCfg = Release|Any CPU
		{16B00FF8-3735-4C1C-9377-0F6AA9EF9D1B}.Release|Any CPU.Build.0 = Release|Any CPU
	EndGlobalSection
	GlobalSection(SolutionProperties) = preSolution
		HideSolutionNode = FALSE
	EndGlobalSection
	GlobalSection(ExtensibilityGlobals) = postSolution
		SolutionGuid = {8C66184F-28E9-4F8F-B5C5-78C8196551AB}
	EndGlobalSection
EndGlobal
